
Microsoft Visual Studio Solution File, Format Version 12.00
# Visual Studio 2015
Project("{FAE04EC0-301F-11D3-BF4B-00C04F79EFBC}") = "hooky3.CSharp", "hooky3.CSharp.csproj", "{26121138-1A3A-DA88-8D04-B0D56614EE21}"
EndProject
Project("{FAE04EC0-301F-11D3-BF4B-00C04F79EFBC}") = "hooky3.CSharp.Editor", "hooky3.CSharp.Editor.csproj", "{6CCEE0E8-422D-B87C-F84F-8AF265D6F661}"
EndProject
Global
	GlobalSection(SolutionConfigurationPlatforms) = preSolution
		Debug|Any CPU = Debug|Any CPU
		Release|Any CPU = Release|Any CPU
	EndGlobalSection
	GlobalSection(ProjectConfigurationPlatforms) = postSolution
		{26121138-1A3A-DA88-8D04-B0D56614EE21}.Debug|Any CPU.ActiveCfg = Debug|Any CPU
		{26121138-1A3A-DA88-8D04-B0D56614EE21}.Debug|Any CPU.Build.0 = Debug|Any CPU
		{26121138-1A3A-DA88-8D04-B0D56614EE21}.Release|Any CPU.ActiveCfg = Release|Any CPU
		{26121138-1A3A-DA88-8D04-B0D56614EE21}.Release|Any CPU.Build.0 = Release|Any CPU
		{6CCEE0E8-422D-B87C-F84F-8AF265D6F661}.Debug|Any CPU.ActiveCfg = Debug|Any CPU
		{6CCEE0E8-422D-B87C-F84F-8AF265D6F661}.Debug|Any CPU.Build.0 = Debug|Any CPU
		{6CCEE0E8-422D-B87C-F84F-8AF265D6F661}.Release|Any CPU.ActiveCfg = Release|Any CPU
		{6CCEE0E8-422D-B87C-F84F-8AF265D6F661}.Release|Any CPU.Build.0 = Release|Any CPU
	EndGlobalSection
	GlobalSection(SolutionProperties) = preSolution
		HideSolutionNode = FALSE
	EndGlobalSection
EndGlobal
