Microsoft Visual Studio Solution File, Format Version 11.00
# Visual Studio 2008

Project("{9BE29559-E4F4-5F43-C650-475DF75E7BA5}") = "hooky", "Assembly-CSharp.csproj", "{BF0916FE-1176-975A-E046-334C04BFCE43}"
EndProject
Project("{9BE29559-E4F4-5F43-C650-475DF75E7BA5}") = "hooky", "Assembly-CSharp-Editor.csproj", "{D292AEEF-3162-58C1-CD1B-DF2B4A5F2522}"
EndProject
Global
	GlobalSection(SolutionConfigurationPlatforms) = preSolution
		Debug|Any CPU = Debug|Any CPU
		Release|Any CPU = Release|Any CPU
	EndGlobalSection
	GlobalSection(ProjectConfigurationPlatforms) = postSolution
		{BF0916FE-1176-975A-E046-334C04BFCE43}.Debug|Any CPU.ActiveCfg = Debug|Any CPU
		{BF0916FE-1176-975A-E046-334C04BFCE43}.Debug|Any CPU.Build.0 = Debug|Any CPU
		{BF0916FE-1176-975A-E046-334C04BFCE43}.Release|Any CPU.ActiveCfg = Release|Any CPU
		{BF0916FE-1176-975A-E046-334C04BFCE43}.Release|Any CPU.Build.0 = Release|Any CPU
		{D292AEEF-3162-58C1-CD1B-DF2B4A5F2522}.Debug|Any CPU.ActiveCfg = Debug|Any CPU
		{D292AEEF-3162-58C1-CD1B-DF2B4A5F2522}.Debug|Any CPU.Build.0 = Debug|Any CPU
		{D292AEEF-3162-58C1-CD1B-DF2B4A5F2522}.Release|Any CPU.ActiveCfg = Release|Any CPU
		{D292AEEF-3162-58C1-CD1B-DF2B4A5F2522}.Release|Any CPU.Build.0 = Release|Any CPU
	EndGlobalSection
	GlobalSection(SolutionProperties) = preSolution
		HideSolutionNode = FALSE
	EndGlobalSection
	GlobalSection(MonoDevelopProperties) = preSolution
		StartupItem = Assembly-CSharp.csproj
	EndGlobalSection
EndGlobal
