
Microsoft Visual Studio Solution File, Format Version 12.00
# Visual Studio 2015
Project("{FAE04EC0-301F-11D3-BF4B-00C04F79EFBC}") = "hooky.CSharp", "hooky.CSharp.csproj", "{DB36E68B-AC5C-2466-2CE2-48AEA1167D57}"
EndProject
Project("{FAE04EC0-301F-11D3-BF4B-00C04F79EFBC}") = "hooky.CSharp.Editor", "hooky.CSharp.Editor.csproj", "{BF2DF08B-DFE6-5915-67BB-9FAB1209E9DF}"
EndProject
Global
	GlobalSection(SolutionConfigurationPlatforms) = preSolution
		Debug|Any CPU = Debug|Any CPU
		Release|Any CPU = Release|Any CPU
	EndGlobalSection
	GlobalSection(ProjectConfigurationPlatforms) = postSolution
		{DB36E68B-AC5C-2466-2CE2-48AEA1167D57}.Debug|Any CPU.ActiveCfg = Debug|Any CPU
		{DB36E68B-AC5C-2466-2CE2-48AEA1167D57}.Debug|Any CPU.Build.0 = Debug|Any CPU
		{DB36E68B-AC5C-2466-2CE2-48AEA1167D57}.Release|Any CPU.ActiveCfg = Release|Any CPU
		{DB36E68B-AC5C-2466-2CE2-48AEA1167D57}.Release|Any CPU.Build.0 = Release|Any CPU
		{BF2DF08B-DFE6-5915-67BB-9FAB1209E9DF}.Debug|Any CPU.ActiveCfg = Debug|Any CPU
		{BF2DF08B-DFE6-5915-67BB-9FAB1209E9DF}.Debug|Any CPU.Build.0 = Debug|Any CPU
		{BF2DF08B-DFE6-5915-67BB-9FAB1209E9DF}.Release|Any CPU.ActiveCfg = Release|Any CPU
		{BF2DF08B-DFE6-5915-67BB-9FAB1209E9DF}.Release|Any CPU.Build.0 = Release|Any CPU
	EndGlobalSection
	GlobalSection(SolutionProperties) = preSolution
		HideSolutionNode = FALSE
	EndGlobalSection
EndGlobal
