
Microsoft Visual Studio Solution File, Format Version 12.00
# Visual Studio 2015
Project("{FAE04EC0-301F-11D3-BF4B-00C04F79EFBC}") = "hookym3.CSharp", "hookym3.CSharp.csproj", "{C126AF6D-5D45-E90C-C2B8-3038CA49B4EE}"
EndProject
Project("{FAE04EC0-301F-11D3-BF4B-00C04F79EFBC}") = "hookym3.CSharp.Editor", "hookym3.CSharp.Editor.csproj", "{5FD80E29-A20F-CBC7-B700-0E7B157716E6}"
EndProject
Global
	GlobalSection(SolutionConfigurationPlatforms) = preSolution
		Debug|Any CPU = Debug|Any CPU
		Release|Any CPU = Release|Any CPU
	EndGlobalSection
	GlobalSection(ProjectConfigurationPlatforms) = postSolution
		{C126AF6D-5D45-E90C-C2B8-3038CA49B4EE}.Debug|Any CPU.ActiveCfg = Debug|Any CPU
		{C126AF6D-5D45-E90C-C2B8-3038CA49B4EE}.Debug|Any CPU.Build.0 = Debug|Any CPU
		{C126AF6D-5D45-E90C-C2B8-3038CA49B4EE}.Release|Any CPU.ActiveCfg = Release|Any CPU
		{C126AF6D-5D45-E90C-C2B8-3038CA49B4EE}.Release|Any CPU.Build.0 = Release|Any CPU
		{5FD80E29-A20F-CBC7-B700-0E7B157716E6}.Debug|Any CPU.ActiveCfg = Debug|Any CPU
		{5FD80E29-A20F-CBC7-B700-0E7B157716E6}.Debug|Any CPU.Build.0 = Debug|Any CPU
		{5FD80E29-A20F-CBC7-B700-0E7B157716E6}.Release|Any CPU.ActiveCfg = Release|Any CPU
		{5FD80E29-A20F-CBC7-B700-0E7B157716E6}.Release|Any CPU.Build.0 = Release|Any CPU
	EndGlobalSection
	GlobalSection(SolutionProperties) = preSolution
		HideSolutionNode = FALSE
	EndGlobalSection
EndGlobal
