Microsoft Visual Studio Solution File, Format Version 11.00
# Visual Studio 2008

Project("{ABB857C0-C1C1-EE77-CBFF-D5ED8839C957}") = "Milestone2", "Assembly-CSharp.csproj", "{942BEBD3-9816-57F3-962D-F07091822301}"
EndProject
Project("{ABB857C0-C1C1-EE77-CBFF-D5ED8839C957}") = "Milestone2", "Assembly-UnityScript.unityproj", "{B4F0E573-0DB6-B6F6-CCDC-5E876D38E0A1}"
EndProject
Global
	GlobalSection(SolutionConfigurationPlatforms) = preSolution
		Debug|Any CPU = Debug|Any CPU
		Release|Any CPU = Release|Any CPU
	EndGlobalSection
	GlobalSection(ProjectConfigurationPlatforms) = postSolution
		{942BEBD3-9816-57F3-962D-F07091822301}.Debug|Any CPU.ActiveCfg = Debug|Any CPU
		{942BEBD3-9816-57F3-962D-F07091822301}.Debug|Any CPU.Build.0 = Debug|Any CPU
		{942BEBD3-9816-57F3-962D-F07091822301}.Release|Any CPU.ActiveCfg = Release|Any CPU
		{942BEBD3-9816-57F3-962D-F07091822301}.Release|Any CPU.Build.0 = Release|Any CPU
		{B4F0E573-0DB6-B6F6-CCDC-5E876D38E0A1}.Debug|Any CPU.ActiveCfg = Debug|Any CPU
		{B4F0E573-0DB6-B6F6-CCDC-5E876D38E0A1}.Debug|Any CPU.Build.0 = Debug|Any CPU
		{B4F0E573-0DB6-B6F6-CCDC-5E876D38E0A1}.Release|Any CPU.ActiveCfg = Release|Any CPU
		{B4F0E573-0DB6-B6F6-CCDC-5E876D38E0A1}.Release|Any CPU.Build.0 = Release|Any CPU
	EndGlobalSection
	GlobalSection(SolutionProperties) = preSolution
		HideSolutionNode = FALSE
	EndGlobalSection
	GlobalSection(MonoDevelopProperties) = preSolution
		StartupItem = Assembly-CSharp.csproj
	EndGlobalSection
EndGlobal
